
Microsoft Visual Studio Solution File, Format Version 12.00
# Visual Studio Version 17
VisualStudioVersion = 17.4.33103.184
MinimumVisualStudioVersion = 10.0.40219.1
Project("{FAE04EC0-301F-11D3-BF4B-00C04F79EFBC}") = "MVCSalary", "MVCSalary\MVCSalary.csproj", "{676052B9-47E4-42B5-92E1-6418494E0967}"
EndProject
Project("{FAE04EC0-301F-11D3-BF4B-00C04F79EFBC}") = "MVCSalaryTests", "MVCSalaryTests\MVCSalaryTests.csproj", "{C2F9DA0E-3FC0-473C-8E42-32E495C215CA}"
EndProject
Global
	GlobalSection(SolutionConfigurationPlatforms) = preSolution
		Debug|Any CPU = Debug|Any CPU
		Release|Any CPU = Release|Any CPU
	EndGlobalSection
	GlobalSection(ProjectConfigurationPlatforms) = postSolution
		{676052B9-47E4-42B5-92E1-6418494E0967}.Debug|Any CPU.ActiveCfg = Debug|Any CPU
		{676052B9-47E4-42B5-92E1-6418494E0967}.Debug|Any CPU.Build.0 = Debug|Any CPU
		{676052B9-47E4-42B5-92E1-6418494E0967}.Release|Any CPU.ActiveCfg = Release|Any CPU
		{676052B9-47E4-42B5-92E1-6418494E0967}.Release|Any CPU.Build.0 = Release|Any CPU
		{C2F9DA0E-3FC0-473C-8E42-32E495C215CA}.Debug|Any CPU.ActiveCfg = Debug|Any CPU
		{C2F9DA0E-3FC0-473C-8E42-32E495C215CA}.Debug|Any CPU.Build.0 = Debug|Any CPU
		{C2F9DA0E-3FC0-473C-8E42-32E495C215CA}.Release|Any CPU.ActiveCfg = Release|Any CPU
		{C2F9DA0E-3FC0-473C-8E42-32E495C215CA}.Release|Any CPU.Build.0 = Release|Any CPU
	EndGlobalSection
	GlobalSection(SolutionProperties) = preSolution
		HideSolutionNode = FALSE
	EndGlobalSection
	GlobalSection(ExtensibilityGlobals) = postSolution
		SolutionGuid = {1CC826F0-3AC4-43E5-8234-2914609FCACC}
	EndGlobalSection
EndGlobal
